
Microsoft Visual Studio Solution File, Format Version 12.00
# Visual Studio Version 17
VisualStudioVersion = 17.8.34316.72
MinimumVisualStudioVersion = 10.0.40219.1
Project("{FAE04EC0-301F-11D3-BF4B-00C04F79EFBC}") = "MasalalarMaydoni", "MasalalarMaydoni\MasalalarMaydoni.csproj", "{386431C0-BE15-41C7-B599-A57EE630669A}"
EndProject
Global
	GlobalSection(SolutionConfigurationPlatforms) = preSolution
		Debug|Any CPU = Debug|Any CPU
		Release|Any CPU = Release|Any CPU
	EndGlobalSection
	GlobalSection(ProjectConfigurationPlatforms) = postSolution
		{386431C0-BE15-41C7-B599-A57EE630669A}.Debug|Any CPU.ActiveCfg = Debug|Any CPU
		{386431C0-BE15-41C7-B599-A57EE630669A}.Debug|Any CPU.Build.0 = Debug|Any CPU
		{386431C0-BE15-41C7-B599-A57EE630669A}.Release|Any CPU.ActiveCfg = Release|Any CPU
		{386431C0-BE15-41C7-B599-A57EE630669A}.Release|Any CPU.Build.0 = Release|Any CPU
	EndGlobalSection
	GlobalSection(SolutionProperties) = preSolution
		HideSolutionNode = FALSE
	EndGlobalSection
	GlobalSection(ExtensibilityGlobals) = postSolution
		SolutionGuid = {8D4A1C6C-7A66-443A-82C1-B93AAC1E1ECD}
	EndGlobalSection
EndGlobal
